{
  "name": "pocketbase_data_transfer_script",
  "lockfileVersion": 3,
  "requires": true,
  "packages": {
    "": {
      "dependencies": {
        "dotenv": "^16.5.0",
        "pocketbase": "^0.26.0"
      }
    },
    "node_modules/dotenv": {
      "version": "16.5.0",
      "resolved": "https://registry.npmjs.org/dotenv/-/dotenv-16.5.0.tgz",
      "integrity": "sha512-m/C+AwOAr9/W1UOIZUo232ejMNnJAJtYQjUbHoNTBNTJSvqzzDh7vnrei3o3r3m9blf6ZoDkvcw0VmozNRFJxg==",
      "license": "BSD-2-Clause",
      "engines": {
        "node": ">=12"
      },
      "funding": {
        "url": "https://dotenvx.com"
      }
    },
    "node_modules/pocketbase": {
      "version": "0.26.0",
      "resolved": "https://registry.npmjs.org/pocketbase/-/pocketbase-0.26.0.tgz",
      "integrity": "sha512-WBBeOgz4Jnrd7a1KEzSBUJqpTortKKCcp16j5KoF+4tNIyQHsmynj+qRSvS56/RVacVMbAqO8Qkfj3N84fpzEw==",
      "license": "MIT"
    }
  }
}
